
Microsoft Visual Studio Solution File, Format Version 12.00
# Visual Studio Version 17
VisualStudioVersion = 17.13.35931.197 d17.13
MinimumVisualStudioVersion = 10.0.40219.1
Project("{FAE04EC0-301F-11D3-BF4B-00C04F79EFBC}") = "WebStore.API", "WebStore.API\WebStore.API.csproj", "{72840541-50C3-481B-AD64-6A748601F464}"
EndProject
Global
	GlobalSection(SolutionConfigurationPlatforms) = preSolution
		Debug|Any CPU = Debug|Any CPU
		Release|Any CPU = Release|Any CPU
	EndGlobalSection
	GlobalSection(ProjectConfigurationPlatforms) = postSolution
		{72840541-50C3-481B-AD64-6A748601F464}.Debug|Any CPU.ActiveCfg = Debug|Any CPU
		{72840541-50C3-481B-AD64-6A748601F464}.Debug|Any CPU.Build.0 = Debug|Any CPU
		{72840541-50C3-481B-AD64-6A748601F464}.Release|Any CPU.ActiveCfg = Release|Any CPU
		{72840541-50C3-481B-AD64-6A748601F464}.Release|Any CPU.Build.0 = Release|Any CPU
	EndGlobalSection
	GlobalSection(SolutionProperties) = preSolution
		HideSolutionNode = FALSE
	EndGlobalSection
	GlobalSection(ExtensibilityGlobals) = postSolution
		SolutionGuid = {04A8B40A-0F22-4913-9DA4-27AFF8093076}
	EndGlobalSection
EndGlobal
